
Microsoft Visual Studio Solution File, Format Version 12.00
# Visual Studio Version 16
VisualStudioVersion = 16.0.30309.148
MinimumVisualStudioVersion = 10.0.40219.1
Project("{9A19103F-16F7-4668-BE54-9A1E7A4F7556}") = "DarrenCloudDemos.Lib", "DarrenCloudDemos.Lib\DarrenCloudDemos.Lib.csproj", "{3BD60FC1-4260-4917-9CDF-5A1756FCDFA1}"
EndProject
Project("{9A19103F-16F7-4668-BE54-9A1E7A4F7556}") = "DarrenCloudDemos.Lib.Tests", "DarrenCloudDemos.Lib.Tests\DarrenCloudDemos.Lib.Tests.csproj", "{2627990B-9B31-4D8D-AEB9-71BD89F4E91F}"
EndProject
Project("{9A19103F-16F7-4668-BE54-9A1E7A4F7556}") = "DarrenCloudDemos.Con", "DarrenCloudDemos.Con\DarrenCloudDemos.Con.csproj", "{03D6BC29-4324-4484-8F68-B9FEAA9F91A4}"
EndProject
Project("{9A19103F-16F7-4668-BE54-9A1E7A4F7556}") = "DarrenCloudDemos.Web", "DarrenCloudDemos.Web\DarrenCloudDemos.Web.csproj", "{D6D96DD4-E248-4BAA-8D8B-73BDBE7D5326}"
EndProject
Project("{2150E333-8FDC-42A3-9474-1A3956D46DE8}") = "DDD", "DDD", "{60F701A3-56D9-4598-85E2-D9683D5983C4}"
EndProject
Project("{2150E333-8FDC-42A3-9474-1A3956D46DE8}") = "Shared", "Shared", "{F157E0C9-7FA8-4EDF-ACD8-013FE317EBA6}"
EndProject
Project("{2150E333-8FDC-42A3-9474-1A3956D46DE8}") = "Domain", "Domain", "{79628C89-33A5-4791-9C3C-D2FD78CB0FFC}"
EndProject
Project("{2150E333-8FDC-42A3-9474-1A3956D46DE8}") = "Infrastructure", "Infrastructure", "{32F6D268-2875-4007-AE23-BD01BEF6D173}"
EndProject
Project("{2150E333-8FDC-42A3-9474-1A3956D46DE8}") = "Applications", "Applications", "{E8D9FB46-AB2A-4DCE-9455-10F3D032D5F1}"
EndProject
Project("{FAE04EC0-301F-11D3-BF4B-00C04F79EFBC}") = "DDD.Core", "DDD.Core\DDD.Core.csproj", "{C1EC71DE-36F7-406D-805F-744B07FF3BA9}"
EndProject
Project("{FAE04EC0-301F-11D3-BF4B-00C04F79EFBC}") = "DDD.Domain.Abstractions", "DDD.Domain.Abstractions\DDD.Domain.Abstractions.csproj", "{DB9A8D30-2571-4700-A5EE-238CE38AC162}"
EndProject
Project("{FAE04EC0-301F-11D3-BF4B-00C04F79EFBC}") = "DDD.Infrastructure.Core", "DDD.Infrastructure.Core\DDD.Infrastructure.Core.csproj", "{67B57500-F3F7-4125-B557-EB274C5121A6}"
EndProject
Project("{FAE04EC0-301F-11D3-BF4B-00C04F79EFBC}") = "DDD.Domain", "DDD.Domain\DDD.Domain.csproj", "{280DDD4E-4321-45AF-836E-8A6113A87FBB}"
EndProject
Project("{FAE04EC0-301F-11D3-BF4B-00C04F79EFBC}") = "DDD.Infrastructure", "DDD.Infrastructure\DDD.Infrastructure.csproj", "{ED97AF5C-9D86-41EC-B76C-BF901AEC1950}"
EndProject
Project("{FAE04EC0-301F-11D3-BF4B-00C04F79EFBC}") = "DDD.API", "DDD.API\DDD.API.csproj", "{8A986825-20D0-4714-91B7-DC2E66E60EE9}"
EndProject
Project("{FAE04EC0-301F-11D3-BF4B-00C04F79EFBC}") = "DDD.BackgroundTasks", "DDD.BackgroundTasks\DDD.BackgroundTasks.csproj", "{B1E509C4-16AF-4254-A372-FB82C7A3796A}"
EndProject
Global
	GlobalSection(SolutionConfigurationPlatforms) = preSolution
		Debug|Any CPU = Debug|Any CPU
		Release|Any CPU = Release|Any CPU
	EndGlobalSection
	GlobalSection(ProjectConfigurationPlatforms) = postSolution
		{3BD60FC1-4260-4917-9CDF-5A1756FCDFA1}.Debug|Any CPU.ActiveCfg = Debug|Any CPU
		{3BD60FC1-4260-4917-9CDF-5A1756FCDFA1}.Debug|Any CPU.Build.0 = Debug|Any CPU
		{3BD60FC1-4260-4917-9CDF-5A1756FCDFA1}.Release|Any CPU.ActiveCfg = Release|Any CPU
		{3BD60FC1-4260-4917-9CDF-5A1756FCDFA1}.Release|Any CPU.Build.0 = Release|Any CPU
		{2627990B-9B31-4D8D-AEB9-71BD89F4E91F}.Debug|Any CPU.ActiveCfg = Debug|Any CPU
		{2627990B-9B31-4D8D-AEB9-71BD89F4E91F}.Debug|Any CPU.Build.0 = Debug|Any CPU
		{2627990B-9B31-4D8D-AEB9-71BD89F4E91F}.Release|Any CPU.ActiveCfg = Release|Any CPU
		{2627990B-9B31-4D8D-AEB9-71BD89F4E91F}.Release|Any CPU.Build.0 = Release|Any CPU
		{03D6BC29-4324-4484-8F68-B9FEAA9F91A4}.Debug|Any CPU.ActiveCfg = Debug|Any CPU
		{03D6BC29-4324-4484-8F68-B9FEAA9F91A4}.Debug|Any CPU.Build.0 = Debug|Any CPU
		{03D6BC29-4324-4484-8F68-B9FEAA9F91A4}.Release|Any CPU.ActiveCfg = Release|Any CPU
		{03D6BC29-4324-4484-8F68-B9FEAA9F91A4}.Release|Any CPU.Build.0 = Release|Any CPU
		{D6D96DD4-E248-4BAA-8D8B-73BDBE7D5326}.Debug|Any CPU.ActiveCfg = Debug|Any CPU
		{D6D96DD4-E248-4BAA-8D8B-73BDBE7D5326}.Debug|Any CPU.Build.0 = Debug|Any CPU
		{D6D96DD4-E248-4BAA-8D8B-73BDBE7D5326}.Release|Any CPU.ActiveCfg = Release|Any CPU
		{D6D96DD4-E248-4BAA-8D8B-73BDBE7D5326}.Release|Any CPU.Build.0 = Release|Any CPU
		{C1EC71DE-36F7-406D-805F-744B07FF3BA9}.Debug|Any CPU.ActiveCfg = Debug|Any CPU
		{C1EC71DE-36F7-406D-805F-744B07FF3BA9}.Debug|Any CPU.Build.0 = Debug|Any CPU
		{C1EC71DE-36F7-406D-805F-744B07FF3BA9}.Release|Any CPU.ActiveCfg = Release|Any CPU
		{C1EC71DE-36F7-406D-805F-744B07FF3BA9}.Release|Any CPU.Build.0 = Release|Any CPU
		{DB9A8D30-2571-4700-A5EE-238CE38AC162}.Debug|Any CPU.ActiveCfg = Debug|Any CPU
		{DB9A8D30-2571-4700-A5EE-238CE38AC162}.Debug|Any CPU.Build.0 = Debug|Any CPU
		{DB9A8D30-2571-4700-A5EE-238CE38AC162}.Release|Any CPU.ActiveCfg = Release|Any CPU
		{DB9A8D30-2571-4700-A5EE-238CE38AC162}.Release|Any CPU.Build.0 = Release|Any CPU
		{67B57500-F3F7-4125-B557-EB274C5121A6}.Debug|Any CPU.ActiveCfg = Debug|Any CPU
		{67B57500-F3F7-4125-B557-EB274C5121A6}.Debug|Any CPU.Build.0 = Debug|Any CPU
		{67B57500-F3F7-4125-B557-EB274C5121A6}.Release|Any CPU.ActiveCfg = Release|Any CPU
		{67B57500-F3F7-4125-B557-EB274C5121A6}.Release|Any CPU.Build.0 = Release|Any CPU
		{280DDD4E-4321-45AF-836E-8A6113A87FBB}.Debug|Any CPU.ActiveCfg = Debug|Any CPU
		{280DDD4E-4321-45AF-836E-8A6113A87FBB}.Debug|Any CPU.Build.0 = Debug|Any CPU
		{280DDD4E-4321-45AF-836E-8A6113A87FBB}.Release|Any CPU.ActiveCfg = Release|Any CPU
		{280DDD4E-4321-45AF-836E-8A6113A87FBB}.Release|Any CPU.Build.0 = Release|Any CPU
		{ED97AF5C-9D86-41EC-B76C-BF901AEC1950}.Debug|Any CPU.ActiveCfg = Debug|Any CPU
		{ED97AF5C-9D86-41EC-B76C-BF901AEC1950}.Debug|Any CPU.Build.0 = Debug|Any CPU
		{ED97AF5C-9D86-41EC-B76C-BF901AEC1950}.Release|Any CPU.ActiveCfg = Release|Any CPU
		{ED97AF5C-9D86-41EC-B76C-BF901AEC1950}.Release|Any CPU.Build.0 = Release|Any CPU
		{8A986825-20D0-4714-91B7-DC2E66E60EE9}.Debug|Any CPU.ActiveCfg = Debug|Any CPU
		{8A986825-20D0-4714-91B7-DC2E66E60EE9}.Debug|Any CPU.Build.0 = Debug|Any CPU
		{8A986825-20D0-4714-91B7-DC2E66E60EE9}.Release|Any CPU.ActiveCfg = Release|Any CPU
		{8A986825-20D0-4714-91B7-DC2E66E60EE9}.Release|Any CPU.Build.0 = Release|Any CPU
		{B1E509C4-16AF-4254-A372-FB82C7A3796A}.Debug|Any CPU.ActiveCfg = Debug|Any CPU
		{B1E509C4-16AF-4254-A372-FB82C7A3796A}.Debug|Any CPU.Build.0 = Debug|Any CPU
		{B1E509C4-16AF-4254-A372-FB82C7A3796A}.Release|Any CPU.ActiveCfg = Release|Any CPU
		{B1E509C4-16AF-4254-A372-FB82C7A3796A}.Release|Any CPU.Build.0 = Release|Any CPU
	EndGlobalSection
	GlobalSection(SolutionProperties) = preSolution
		HideSolutionNode = FALSE
	EndGlobalSection
	GlobalSection(NestedProjects) = preSolution
		{F157E0C9-7FA8-4EDF-ACD8-013FE317EBA6} = {60F701A3-56D9-4598-85E2-D9683D5983C4}
		{79628C89-33A5-4791-9C3C-D2FD78CB0FFC} = {60F701A3-56D9-4598-85E2-D9683D5983C4}
		{32F6D268-2875-4007-AE23-BD01BEF6D173} = {60F701A3-56D9-4598-85E2-D9683D5983C4}
		{E8D9FB46-AB2A-4DCE-9455-10F3D032D5F1} = {60F701A3-56D9-4598-85E2-D9683D5983C4}
		{C1EC71DE-36F7-406D-805F-744B07FF3BA9} = {F157E0C9-7FA8-4EDF-ACD8-013FE317EBA6}
		{DB9A8D30-2571-4700-A5EE-238CE38AC162} = {F157E0C9-7FA8-4EDF-ACD8-013FE317EBA6}
		{67B57500-F3F7-4125-B557-EB274C5121A6} = {F157E0C9-7FA8-4EDF-ACD8-013FE317EBA6}
		{280DDD4E-4321-45AF-836E-8A6113A87FBB} = {79628C89-33A5-4791-9C3C-D2FD78CB0FFC}
		{ED97AF5C-9D86-41EC-B76C-BF901AEC1950} = {32F6D268-2875-4007-AE23-BD01BEF6D173}
		{8A986825-20D0-4714-91B7-DC2E66E60EE9} = {E8D9FB46-AB2A-4DCE-9455-10F3D032D5F1}
		{B1E509C4-16AF-4254-A372-FB82C7A3796A} = {E8D9FB46-AB2A-4DCE-9455-10F3D032D5F1}
	EndGlobalSection
	GlobalSection(ExtensibilityGlobals) = postSolution
		SolutionGuid = {506A7C13-60BD-4CD5-AA5B-103FAC827B10}
	EndGlobalSection
EndGlobal
